{
  "lockfileVersion": 1,
  "configVersion": 1,
  "workspaces": {
    "": {
      "name": "deepharness",
      "dependencies": {
        "commander": "^12.1.0",
        "smol-toml": "^1.3.1",
        "yaml": "^2.6.0",
        "zod": "^3.24.1",
      },
      "devDependencies": {
        "@types/bun": "^1.3.0",
        "typescript": "^5.6.0",
      },
    },
    "apps/cli": {
      "name": "@harness/cli",
      "version": "0.1.0",
      "bin": {
        "harness": "./bin/harness",
      },
      "dependencies": {
        "@harness/context": "workspace:*",
        "@harness/core": "workspace:*",
        "@harness/profiles": "workspace:*",
        "@harness/providers": "workspace:*",
        "@harness/router": "workspace:*",
        "@harness/sessions": "workspace:*",
        "@harness/skills": "workspace:*",
        "@harness/tools": "workspace:*",
        "commander": "^12.1.0",
      },
    },
    "apps/web": {
      "name": "@harness/web",
      "version": "0.1.0",
      "dependencies": {
        "@harness/cli": "workspace:*",
        "@harness/context": "workspace:*",
        "@harness/core": "workspace:*",
        "@harness/providers": "workspace:*",
        "@harness/router": "workspace:*",
        "@harness/sessions": "workspace:*",
        "@harness/skills": "workspace:*",
        "@harness/tools": "workspace:*",
      },
    },
    "packages/context": {
      "name": "@harness/context",
      "version": "0.1.0",
      "dependencies": {
        "@harness/core": "workspace:*",
      },
    },
    "packages/core": {
      "name": "@harness/core",
      "version": "0.1.0",
      "dependencies": {
        "smol-toml": "^1.3.1",
        "yaml": "^2.6.0",
        "zod": "^3.24.1",
      },
    },
    "packages/profiles": {
      "name": "@harness/profiles",
      "version": "0.1.0",
      "dependencies": {
        "@harness/core": "workspace:*",
      },
    },
    "packages/providers": {
      "name": "@harness/providers",
      "version": "0.1.0",
      "dependencies": {
        "@harness/core": "workspace:*",
      },
    },
    "packages/router": {
      "name": "@harness/router",
      "version": "0.1.0",
      "dependencies": {
        "@harness/core": "workspace:*",
      },
    },
    "packages/sessions": {
      "name": "@harness/sessions",
      "version": "0.1.0",
      "dependencies": {
        "@harness/core": "workspace:*",
      },
    },
    "packages/skills": {
      "name": "@harness/skills",
      "version": "0.1.0",
      "dependencies": {
        "@harness/core": "workspace:*",
      },
    },
    "packages/tools": {
      "name": "@harness/tools",
      "version": "0.1.0",
      "dependencies": {
        "@harness/core": "workspace:*",
      },
    },
  },
  "packages": {
    "@harness/cli": ["@harness/cli@workspace:apps/cli"],

    "@harness/context": ["@harness/context@workspace:packages/context"],

    "@harness/core": ["@harness/core@workspace:packages/core"],

    "@harness/profiles": ["@harness/profiles@workspace:packages/profiles"],

    "@harness/providers": ["@harness/providers@workspace:packages/providers"],

    "@harness/router": ["@harness/router@workspace:packages/router"],

    "@harness/sessions": ["@harness/sessions@workspace:packages/sessions"],

    "@harness/skills": ["@harness/skills@workspace:packages/skills"],

    "@harness/tools": ["@harness/tools@workspace:packages/tools"],

    "@harness/web": ["@harness/web@workspace:apps/web"],

    "@types/bun": ["@types/bun@1.4.2", "", { "dependencies": { "bun-types": "1.4.2" } }, "sha512-GimotNn7+ZV0uVArItBbriZsR1oNf0+WTzPkdcFrzShI7k2norL0uzEaJT8T33dWr7O/c9ZDuAFQrctKCi72oQ=="],

    "@types/node": ["@types/node@22.20.2", "", { "dependencies": { "undici-types": "~6.21.0" } }, "sha512-xlvWf4Vs9n1PEVYwP1n4vvG07M6y8WgvJ2t0vbrWTmijsIHp1cS+uJ2kMIRdY3nHZK0nCYKrPeD171+SzF4/zw=="],

    "bun-types": ["bun-types@1.4.2", "", { "dependencies": { "@types/node": "*" } }, "sha512-bxV1FgK7yBIzjRe5zBozIM4Bem11ZJcCXSrjWRG3YWLt8yFDePu4cLjpebO8OvPeIE9trbyPF4fuj3Cia4Fj3w=="],

    "commander": ["commander@12.1.0", "", {}, "sha512-Vw8qHK3bZM9y/P10u3Vib8o/DdkvA2OtPtZvD871QKjy74Wj1WSKFILMPRPSdUSx5RFK1arlJzEtA4PkFgnbuA=="],

    "smol-toml": ["smol-toml@1.8.0", "", {}, "sha512-kCZr2V3ch9i00x8zXRhjUNVcjG9ijES5dDudkXvUVCT5QlJNQWElSJdZqyPemffHoLNUYwOcou0Fy+ojN0uHSQ=="],

    "typescript": ["typescript@5.9.3", "", { "bin": { "tsc": "bin/tsc", "tsserver": "bin/tsserver" } }, "sha512-jl1vZzPDinLr9eUt3J/t7V6FgNEw9QjvBPdysz9KfQDD41fQrC2Y4vKQdiaUpFT4bXlb1RHhLpp8wtm6M5TgSw=="],

    "undici-types": ["undici-types@6.21.0", "", {}, "sha512-iwDZqg0QAGrg9Rav5H4n0M64c3mkR59cJ6wQp+7C4nI0gsmExaedaYLNO44eT4AtBBwjbTiGPMlt2Md0T9H9JQ=="],

    "yaml": ["yaml@2.9.0", "", { "bin": { "yaml": "bin.mjs" } }, "sha512-2AvhNX3mb8zd6Zy7INTtSpl1F15HW6Wnqj0srWlkKLcpYl/gMIMJiyuGq2KeI2YFxUPjdlB+3Lc10seMLtL4cA=="],

    "zod": ["zod@3.25.76", "", {}, "sha512-gzUt/qt81nXsFGKIFcC3YnfEAx5NkunCfnDlvuBSSFS02bcXu4Lmea0AFIUwbLWxWPx3d9p8S5QoaujKcNQxcQ=="],
  }
}
